
Microsoft Visual Studio Solution File, Format Version 12.00
# Visual Studio Version 17
VisualStudioVersion = 17.9.34728.123
MinimumVisualStudioVersion = 10.0.40219.1
Project("{8BC9CEB8-8B4A-11D0-8D11-00A0C91BC942}") = "solids4Foam", "solids4Foam.vcxproj", "{8A451363-4878-4709-BCFC-18F303E3774F}"
EndProject
Project("{8BC9CEB8-8B4A-11D0-8D11-00A0C91BC942}") = "abaqusUMATs", "abaqusUMATs.vcxproj", "{E464A8B3-C0F8-41AE-9D29-217C20497DE6}"
EndProject
Project("{2150E333-8FDC-42A3-9474-1A3956D46DE8}") = "solids4FoamModels", "solids4FoamModels", "{688C8536-0CB0-4F6B-8638-4FDFA71DE25A}"
EndProject
Project("{8BC9CEB8-8B4A-11D0-8D11-00A0C91BC942}") = "blockCoupledSolids4FoamTools", "blockCoupledSolids4FoamTools.vcxproj", "{D500260D-3DBD-4461-BF28-B70277941BE1}"
EndProject
Project("{8BC9CEB8-8B4A-11D0-8D11-00A0C91BC942}") = "RBFMeshMotionSolver", "RBFMeshMotionSolver.vcxproj", "{F780A4F9-404B-49F2-85F0-DC7E89F9663C}"
EndProject
Project("{8BC9CEB8-8B4A-11D0-8D11-00A0C91BC942}") = "dynamicFvMesh", "solids4FoamModels\dynamicFvMesh.vcxproj", "{8F3F6178-C888-4C10-9C7C-E7B28FA183A7}"
EndProject
Project("{8BC9CEB8-8B4A-11D0-8D11-00A0C91BC942}") = "fluidModels", "solids4FoamModels\fluidModels.vcxproj", "{ACBB6C63-D629-4990-BAC7-8A081A069104}"
EndProject
Project("{8BC9CEB8-8B4A-11D0-8D11-00A0C91BC942}") = "fluidSolidInterfaces", "solids4FoamModels\fluidSolidInterfaces.vcxproj", "{4080BCB0-9C60-4F72-91D6-E9D190C81B4C}"
EndProject
Project("{8BC9CEB8-8B4A-11D0-8D11-00A0C91BC942}") = "functionObjects", "solids4FoamModels\functionObjects.vcxproj", "{2918120B-C09B-405D-9F87-461C1544BCAA}"
EndProject
Project("{8BC9CEB8-8B4A-11D0-8D11-00A0C91BC942}") = "materialModels", "solids4FoamModels\materialModels.vcxproj", "{1079A9BE-42C6-4533-B19C-827060EDFED3}"
EndProject
Project("{8BC9CEB8-8B4A-11D0-8D11-00A0C91BC942}") = "numerics", "solids4FoamModels\numerics.vcxproj", "{FFCF72D8-ACF1-4378-BB69-3049363BFFB2}"
EndProject
Project("{8BC9CEB8-8B4A-11D0-8D11-00A0C91BC942}") = "physicsModel", "solids4FoamModels\physicsModel.vcxproj", "{94ABEAA4-1A15-49F6-849B-376EAF47AD81}"
EndProject
Project("{8BC9CEB8-8B4A-11D0-8D11-00A0C91BC942}") = "solidModels", "solids4FoamModels\solidModels.vcxproj", "{B4E288AF-BC86-4A0D-962C-2E25CAADF2EE}"
EndProject
Global
	GlobalSection(SolutionConfigurationPlatforms) = preSolution
		Debug|x64 = Debug|x64
		Debug|x86 = Debug|x86
		Release|x64 = Release|x64
		Release|x86 = Release|x86
	EndGlobalSection
	GlobalSection(ProjectConfigurationPlatforms) = postSolution
		{8A451363-4878-4709-BCFC-18F303E3774F}.Debug|x64.ActiveCfg = Debug|x64
		{8A451363-4878-4709-BCFC-18F303E3774F}.Debug|x64.Build.0 = Debug|x64
		{8A451363-4878-4709-BCFC-18F303E3774F}.Debug|x86.ActiveCfg = Debug|Win32
		{8A451363-4878-4709-BCFC-18F303E3774F}.Debug|x86.Build.0 = Debug|Win32
		{8A451363-4878-4709-BCFC-18F303E3774F}.Release|x64.ActiveCfg = Release|x64
		{8A451363-4878-4709-BCFC-18F303E3774F}.Release|x64.Build.0 = Release|x64
		{8A451363-4878-4709-BCFC-18F303E3774F}.Release|x86.ActiveCfg = Release|Win32
		{8A451363-4878-4709-BCFC-18F303E3774F}.Release|x86.Build.0 = Release|Win32
		{E464A8B3-C0F8-41AE-9D29-217C20497DE6}.Debug|x64.ActiveCfg = Debug|x64
		{E464A8B3-C0F8-41AE-9D29-217C20497DE6}.Debug|x64.Build.0 = Debug|x64
		{E464A8B3-C0F8-41AE-9D29-217C20497DE6}.Debug|x86.ActiveCfg = Debug|Win32
		{E464A8B3-C0F8-41AE-9D29-217C20497DE6}.Debug|x86.Build.0 = Debug|Win32
		{E464A8B3-C0F8-41AE-9D29-217C20497DE6}.Release|x64.ActiveCfg = Release|x64
		{E464A8B3-C0F8-41AE-9D29-217C20497DE6}.Release|x64.Build.0 = Release|x64
		{E464A8B3-C0F8-41AE-9D29-217C20497DE6}.Release|x86.ActiveCfg = Release|Win32
		{E464A8B3-C0F8-41AE-9D29-217C20497DE6}.Release|x86.Build.0 = Release|Win32
		{D500260D-3DBD-4461-BF28-B70277941BE1}.Debug|x64.ActiveCfg = Debug|x64
		{D500260D-3DBD-4461-BF28-B70277941BE1}.Debug|x64.Build.0 = Debug|x64
		{D500260D-3DBD-4461-BF28-B70277941BE1}.Debug|x86.ActiveCfg = Debug|Win32
		{D500260D-3DBD-4461-BF28-B70277941BE1}.Debug|x86.Build.0 = Debug|Win32
		{D500260D-3DBD-4461-BF28-B70277941BE1}.Release|x64.ActiveCfg = Release|x64
		{D500260D-3DBD-4461-BF28-B70277941BE1}.Release|x64.Build.0 = Release|x64
		{D500260D-3DBD-4461-BF28-B70277941BE1}.Release|x86.ActiveCfg = Release|Win32
		{D500260D-3DBD-4461-BF28-B70277941BE1}.Release|x86.Build.0 = Release|Win32
		{F780A4F9-404B-49F2-85F0-DC7E89F9663C}.Debug|x64.ActiveCfg = Debug|x64
		{F780A4F9-404B-49F2-85F0-DC7E89F9663C}.Debug|x64.Build.0 = Debug|x64
		{F780A4F9-404B-49F2-85F0-DC7E89F9663C}.Debug|x86.ActiveCfg = Debug|Win32
		{F780A4F9-404B-49F2-85F0-DC7E89F9663C}.Debug|x86.Build.0 = Debug|Win32
		{F780A4F9-404B-49F2-85F0-DC7E89F9663C}.Release|x64.ActiveCfg = Release|x64
		{F780A4F9-404B-49F2-85F0-DC7E89F9663C}.Release|x64.Build.0 = Release|x64
		{F780A4F9-404B-49F2-85F0-DC7E89F9663C}.Release|x86.ActiveCfg = Release|Win32
		{F780A4F9-404B-49F2-85F0-DC7E89F9663C}.Release|x86.Build.0 = Release|Win32
		{8F3F6178-C888-4C10-9C7C-E7B28FA183A7}.Debug|x64.ActiveCfg = Debug|x64
		{8F3F6178-C888-4C10-9C7C-E7B28FA183A7}.Debug|x64.Build.0 = Debug|x64
		{8F3F6178-C888-4C10-9C7C-E7B28FA183A7}.Debug|x86.ActiveCfg = Debug|Win32
		{8F3F6178-C888-4C10-9C7C-E7B28FA183A7}.Debug|x86.Build.0 = Debug|Win32
		{8F3F6178-C888-4C10-9C7C-E7B28FA183A7}.Release|x64.ActiveCfg = Release|x64
		{8F3F6178-C888-4C10-9C7C-E7B28FA183A7}.Release|x64.Build.0 = Release|x64
		{8F3F6178-C888-4C10-9C7C-E7B28FA183A7}.Release|x86.ActiveCfg = Release|Win32
		{8F3F6178-C888-4C10-9C7C-E7B28FA183A7}.Release|x86.Build.0 = Release|Win32
		{ACBB6C63-D629-4990-BAC7-8A081A069104}.Debug|x64.ActiveCfg = Debug|x64
		{ACBB6C63-D629-4990-BAC7-8A081A069104}.Debug|x64.Build.0 = Debug|x64
		{ACBB6C63-D629-4990-BAC7-8A081A069104}.Debug|x86.ActiveCfg = Debug|Win32
		{ACBB6C63-D629-4990-BAC7-8A081A069104}.Debug|x86.Build.0 = Debug|Win32
		{ACBB6C63-D629-4990-BAC7-8A081A069104}.Release|x64.ActiveCfg = Release|x64
		{ACBB6C63-D629-4990-BAC7-8A081A069104}.Release|x64.Build.0 = Release|x64
		{ACBB6C63-D629-4990-BAC7-8A081A069104}.Release|x86.ActiveCfg = Release|Win32
		{ACBB6C63-D629-4990-BAC7-8A081A069104}.Release|x86.Build.0 = Release|Win32
		{4080BCB0-9C60-4F72-91D6-E9D190C81B4C}.Debug|x64.ActiveCfg = Debug|x64
		{4080BCB0-9C60-4F72-91D6-E9D190C81B4C}.Debug|x64.Build.0 = Debug|x64
		{4080BCB0-9C60-4F72-91D6-E9D190C81B4C}.Debug|x86.ActiveCfg = Debug|Win32
		{4080BCB0-9C60-4F72-91D6-E9D190C81B4C}.Debug|x86.Build.0 = Debug|Win32
		{4080BCB0-9C60-4F72-91D6-E9D190C81B4C}.Release|x64.ActiveCfg = Release|x64
		{4080BCB0-9C60-4F72-91D6-E9D190C81B4C}.Release|x64.Build.0 = Release|x64
		{4080BCB0-9C60-4F72-91D6-E9D190C81B4C}.Release|x86.ActiveCfg = Release|Win32
		{4080BCB0-9C60-4F72-91D6-E9D190C81B4C}.Release|x86.Build.0 = Release|Win32
		{2918120B-C09B-405D-9F87-461C1544BCAA}.Debug|x64.ActiveCfg = Debug|x64
		{2918120B-C09B-405D-9F87-461C1544BCAA}.Debug|x64.Build.0 = Debug|x64
		{2918120B-C09B-405D-9F87-461C1544BCAA}.Debug|x86.ActiveCfg = Debug|Win32
		{2918120B-C09B-405D-9F87-461C1544BCAA}.Debug|x86.Build.0 = Debug|Win32
		{2918120B-C09B-405D-9F87-461C1544BCAA}.Release|x64.ActiveCfg = Release|x64
		{2918120B-C09B-405D-9F87-461C1544BCAA}.Release|x64.Build.0 = Release|x64
		{2918120B-C09B-405D-9F87-461C1544BCAA}.Release|x86.ActiveCfg = Release|Win32
		{2918120B-C09B-405D-9F87-461C1544BCAA}.Release|x86.Build.0 = Release|Win32
		{1079A9BE-42C6-4533-B19C-827060EDFED3}.Debug|x64.ActiveCfg = Debug|x64
		{1079A9BE-42C6-4533-B19C-827060EDFED3}.Debug|x64.Build.0 = Debug|x64
		{1079A9BE-42C6-4533-B19C-827060EDFED3}.Debug|x86.ActiveCfg = Debug|Win32
		{1079A9BE-42C6-4533-B19C-827060EDFED3}.Debug|x86.Build.0 = Debug|Win32
		{1079A9BE-42C6-4533-B19C-827060EDFED3}.Release|x64.ActiveCfg = Release|x64
		{1079A9BE-42C6-4533-B19C-827060EDFED3}.Release|x64.Build.0 = Release|x64
		{1079A9BE-42C6-4533-B19C-827060EDFED3}.Release|x86.ActiveCfg = Release|Win32
		{1079A9BE-42C6-4533-B19C-827060EDFED3}.Release|x86.Build.0 = Release|Win32
		{FFCF72D8-ACF1-4378-BB69-3049363BFFB2}.Debug|x64.ActiveCfg = Debug|x64
		{FFCF72D8-ACF1-4378-BB69-3049363BFFB2}.Debug|x64.Build.0 = Debug|x64
		{FFCF72D8-ACF1-4378-BB69-3049363BFFB2}.Debug|x86.ActiveCfg = Debug|Win32
		{FFCF72D8-ACF1-4378-BB69-3049363BFFB2}.Debug|x86.Build.0 = Debug|Win32
		{FFCF72D8-ACF1-4378-BB69-3049363BFFB2}.Release|x64.ActiveCfg = Release|x64
		{FFCF72D8-ACF1-4378-BB69-3049363BFFB2}.Release|x64.Build.0 = Release|x64
		{FFCF72D8-ACF1-4378-BB69-3049363BFFB2}.Release|x86.ActiveCfg = Release|Win32
		{FFCF72D8-ACF1-4378-BB69-3049363BFFB2}.Release|x86.Build.0 = Release|Win32
		{94ABEAA4-1A15-49F6-849B-376EAF47AD81}.Debug|x64.ActiveCfg = Debug|x64
		{94ABEAA4-1A15-49F6-849B-376EAF47AD81}.Debug|x64.Build.0 = Debug|x64
		{94ABEAA4-1A15-49F6-849B-376EAF47AD81}.Debug|x86.ActiveCfg = Debug|Win32
		{94ABEAA4-1A15-49F6-849B-376EAF47AD81}.Debug|x86.Build.0 = Debug|Win32
		{94ABEAA4-1A15-49F6-849B-376EAF47AD81}.Release|x64.ActiveCfg = Release|x64
		{94ABEAA4-1A15-49F6-849B-376EAF47AD81}.Release|x64.Build.0 = Release|x64
		{94ABEAA4-1A15-49F6-849B-376EAF47AD81}.Release|x86.ActiveCfg = Release|Win32
		{94ABEAA4-1A15-49F6-849B-376EAF47AD81}.Release|x86.Build.0 = Release|Win32
		{B4E288AF-BC86-4A0D-962C-2E25CAADF2EE}.Debug|x64.ActiveCfg = Debug|x64
		{B4E288AF-BC86-4A0D-962C-2E25CAADF2EE}.Debug|x64.Build.0 = Debug|x64
		{B4E288AF-BC86-4A0D-962C-2E25CAADF2EE}.Debug|x86.ActiveCfg = Debug|Win32
		{B4E288AF-BC86-4A0D-962C-2E25CAADF2EE}.Debug|x86.Build.0 = Debug|Win32
		{B4E288AF-BC86-4A0D-962C-2E25CAADF2EE}.Release|x64.ActiveCfg = Release|x64
		{B4E288AF-BC86-4A0D-962C-2E25CAADF2EE}.Release|x64.Build.0 = Release|x64
		{B4E288AF-BC86-4A0D-962C-2E25CAADF2EE}.Release|x86.ActiveCfg = Release|Win32
		{B4E288AF-BC86-4A0D-962C-2E25CAADF2EE}.Release|x86.Build.0 = Release|Win32
	EndGlobalSection
	GlobalSection(SolutionProperties) = preSolution
		HideSolutionNode = FALSE
	EndGlobalSection
	GlobalSection(NestedProjects) = preSolution
		{8F3F6178-C888-4C10-9C7C-E7B28FA183A7} = {688C8536-0CB0-4F6B-8638-4FDFA71DE25A}
		{ACBB6C63-D629-4990-BAC7-8A081A069104} = {688C8536-0CB0-4F6B-8638-4FDFA71DE25A}
		{4080BCB0-9C60-4F72-91D6-E9D190C81B4C} = {688C8536-0CB0-4F6B-8638-4FDFA71DE25A}
		{2918120B-C09B-405D-9F87-461C1544BCAA} = {688C8536-0CB0-4F6B-8638-4FDFA71DE25A}
		{1079A9BE-42C6-4533-B19C-827060EDFED3} = {688C8536-0CB0-4F6B-8638-4FDFA71DE25A}
		{FFCF72D8-ACF1-4378-BB69-3049363BFFB2} = {688C8536-0CB0-4F6B-8638-4FDFA71DE25A}
		{94ABEAA4-1A15-49F6-849B-376EAF47AD81} = {688C8536-0CB0-4F6B-8638-4FDFA71DE25A}
		{B4E288AF-BC86-4A0D-962C-2E25CAADF2EE} = {688C8536-0CB0-4F6B-8638-4FDFA71DE25A}
	EndGlobalSection
EndGlobal
