<?xml version="1.0" encoding="utf-8"?>
<Project ToolsVersion="4.0" xmlns="http://schemas.microsoft.com/developer/msbuild/2003">
  <ItemGroup>
    <ClCompile Include="fluidSolidInterfaces\AitkenCouplingInterface.C" />
    <ClCompile Include="fluidSolidInterfaces\amiInterfaceToInterfaceMapping.C" />
    <ClCompile Include="fluidSolidInterfaces\directMapInterfaceToInterfaceMapping.C" />
    <ClCompile Include="fluidSolidInterfaces\fixedRelaxationCouplingInterface.C" />
    <ClCompile Include="fluidSolidInterfaces\fluidSolidInterface.C" />
    <ClCompile Include="fluidSolidInterfaces\fsiInterfaceSolidFvPatchVectorField.C" />
    <ClCompile Include="fluidSolidInterfaces\ggiInterfaceToInterfaceMapping.C" />
    <ClCompile Include="fluidSolidInterfaces\interfaceToInterfaceMapping.C" />
    <ClCompile Include="fluidSolidInterfaces\IQNILSCouplingInterface.C" />
    <ClCompile Include="fluidSolidInterfaces\oneWayCouplingInterface.C" />
    <ClCompile Include="fluidSolidInterfaces\rbfInterfaceToInterfaceMapping.C" />
    <ClCompile Include="fluidSolidInterfaces\weakCouplingInterface.C" />
    <ClCompile Include="fluidSolidInterfaces\thermalCouplingInterface.C" />
  </ItemGroup>
</Project>