<?xml version="1.0" encoding="utf-8"?>
<Project ToolsVersion="4.0" xmlns="http://schemas.microsoft.com/developer/msbuild/2003">
  <ItemGroup>
    <ClCompile Include="functionObjects\cantileverAnalyticalSolution.C" />
    <ClCompile Include="functionObjects\cantileverStressDisplacement.C" />
    <ClCompile Include="functionObjects\hotCylinderAnalyticalSolution.C" />
    <ClCompile Include="functionObjects\hydrostaticPressure.C" />
    <ClCompile Include="functionObjects\plateHoleAnalyticalSolution.C" />
    <ClCompile Include="functionObjects\principalStresses.C" />
    <ClCompile Include="functionObjects\principalStressFields.C" />
    <ClCompile Include="functionObjects\solidDisplacements.C" />
    <ClCompile Include="functionObjects\solidForces.C" />
    <ClCompile Include="functionObjects\solidForcesDisplacements.C" />
    <ClCompile Include="functionObjects\solidKineticEnergy.C" />
    <ClCompile Include="functionObjects\solidPointDisplacement.C" />
    <ClCompile Include="functionObjects\solidPointStress.C" />
    <ClCompile Include="functionObjects\solidPointTemperature.C" />
    <ClCompile Include="functionObjects\solidPotentialEnergy.C" />
    <ClCompile Include="functionObjects\solidStresses.C" />
    <ClCompile Include="functionObjects\solidTorque.C" />
    <ClCompile Include="functionObjects\solidTractions.C" />
    <ClCompile Include="functionObjects\stressTriaxiality.C" />
    <ClCompile Include="functionObjects\volumetricStrain.C" />
  </ItemGroup>
</Project>