<?xml version="1.0" encoding="utf-8"?>
<Project ToolsVersion="4.0" xmlns="http://schemas.microsoft.com/developer/msbuild/2003">
  <ItemGroup>
    <ClCompile Include="numerics\amiZoneInterpolation.C" />
    <ClCompile Include="numerics\backwardD2dt2Schemes.C" />
    <ClCompile Include="numerics\cellPointLeastSquaresVectors.C" />
    <ClCompile Include="numerics\csvTableReaders.C" />
    <ClCompile Include="numerics\eig3.C" />
    <ClCompile Include="numerics\eig3Field.C" />
    <ClCompile Include="numerics\expVolFields.C" />
    <ClCompile Include="numerics\extendedLeastSquaresGrads.C" />
    <ClCompile Include="numerics\extendedLeastSquaresVectors.C" />
    <ClCompile Include="numerics\fvcCellLimitedGrad.C" />
    <ClCompile Include="numerics\fvcInterpolate.C" />
    <ClCompile Include="numerics\globalPointIndices.C" />
    <ClCompile Include="numerics\globalPolyPatch.C" />
    <ClCompile Include="numerics\logVolFields.C" />
    <ClCompile Include="numerics\mechanicalEnergies.C" />
    <ClCompile Include="numerics\meshDualiser.C" />
    <ClCompile Include="numerics\multiplyCoeff.C" />
    <ClCompile Include="numerics\newAMIInterpolationName.C" />
    <ClCompile Include="numerics\newAMIMethod.C" />
    <ClCompile Include="numerics\newAMIMethodNew.C" />
    <ClCompile Include="numerics\newDirectAMI.C" />
    <ClCompile Include="numerics\newFaceAreaWeightAMI.C" />
    <ClCompile Include="numerics\newFvMeshSubset.C" />
    <ClCompile Include="numerics\newGGIInterpolationName.C" />
    <ClCompile Include="numerics\openFoamTableReaders.C" />
    <ClCompile Include="numerics\realEigenValues.C" />
    <ClCompile Include="numerics\RodriguesRotation.C" />
    <ClCompile Include="numerics\sparseMatrix.C" />
    <ClCompile Include="numerics\sparseMatrixTools.C" />
    <ClCompile Include="numerics\tableReaders.C" />
    <ClCompile Include="numerics\advancingFrontAMIS4F.C" />
    <ClCompile Include="numerics\advancingFrontAMIS4FParallelOps.C" />
    <ClCompile Include="numerics\AMIInterpolationS4F.C" />
    <ClCompile Include="numerics\AMIInterpolationS4FNew.C" />
    <ClCompile Include="numerics\faceAreaWeightAMIS4F.C" />
    <ClCompile Include="numerics\patchCorrectionVectors.C" />
    <ClCompile Include="numerics\vfvcCellPoint.C" />
    <ClCompile Include="numerics\vfvmCellPoint.C" />
    <ClCompile Include="numerics\pointFieldFunctions.C" />
    <ClCompile Include="numerics\deltaVectors.C" />
    <ClCompile Include="numerics\minEdgeLength.C" />
    <ClCompile Include="numerics\multiplyCoeffRectMat.C" />
    <ClCompile Include="numerics\multiplyCoeffExtended.C" />
    <ClCompile Include="numerics\pointPointLeastSquaresVectors.C" />
    <ClCompile Include="numerics\SparseMatrixTemplates.C" />
  </ItemGroup>
</Project>