<?xml version="1.0" encoding="utf-8"?>
<Project ToolsVersion="4.0" xmlns="http://schemas.microsoft.com/developer/msbuild/2003">
  <ItemGroup>
    <ClCompile Include="solidModels\analyticalPlateHoleTractionFvPatchVectorField.C" />
    <ClCompile Include="solidModels\analyticalPlateHoleTractionPointPatchVectorField.C" />
    <ClCompile Include="solidModels\clampedMomentFaPatchScalarField.C" />
    <ClCompile Include="solidModels\convectiveFluxFvPatchScalarField.C" />
    <ClCompile Include="solidModels\coulombFriction.C" />
    <ClCompile Include="solidModels\coupledLinGeomPressureDisplacementSolid.C" />
    <ClCompile Include="solidModels\coupledUnsLinGeomLinearElasticSolid.C" />
    <ClCompile Include="solidModels\coupledUnsLinGeomSolid.C" />
    <ClCompile Include="solidModels\displacementOrTractionFvPatchVectorField.C" />
    <ClCompile Include="solidModels\dualMeshToMeshMap.C" />
    <ClCompile Include="solidModels\explicitLinGeomTotalDispSolid.C" />
    <ClCompile Include="solidModels\explicitUnsLinGeomTotalDispSolid.C" />
    <ClCompile Include="solidModels\fixedDisplacementFvPatchVectorField.C" />
    <ClCompile Include="solidModels\fixedDisplacementZeroShearFvPatchVectorField.C" />
    <ClCompile Include="solidModels\fixedDisplacementZeroShearPointPatchVectorField.C" />
    <ClCompile Include="solidModels\fixedRotationFvPatchVectorField.C" />
    <ClCompile Include="solidModels\fixedTemperatureFvPatchScalarField.C" />
    <ClCompile Include="solidModels\freeEdgeDisplacementFaPatchScalarField.C" />
    <ClCompile Include="solidModels\frictionContactModel.C" />
    <ClCompile Include="solidModels\frictionLaw.C" />
    <ClCompile Include="solidModels\frictionless.C" />
    <ClCompile Include="solidModels\linearDisplacementFvPatchVectorField.C" />
    <ClCompile Include="solidModels\linearSpatialDisplacementFvPatchVectorField.C" />
    <ClCompile Include="solidModels\linGeomPressureDisplacementSolid.C" />
    <ClCompile Include="solidModels\linGeomSolid.C" />
    <ClCompile Include="solidModels\linGeomTotalDispSolid.C" />
    <ClCompile Include="solidModels\lookupSolidModel.C" />
    <ClCompile Include="solidModels\momentumStabilisation.C" />
    <ClCompile Include="solidModels\newFrictionContactModel.C" />
    <ClCompile Include="solidModels\newFrictionLaw.C" />
    <ClCompile Include="solidModels\newNormalContactModel.C" />
    <ClCompile Include="solidModels\nonLinearGeometry.C" />
    <ClCompile Include="solidModels\nonLinGeomTotalLagSolid.C" />
    <ClCompile Include="solidModels\nonLinGeomTotalLagTotalDispSolid.C" />
    <ClCompile Include="solidModels\nonLinGeomUpdatedLagSolid.C" />
    <ClCompile Include="solidModels\normalContactModel.C" />
    <ClCompile Include="solidModels\normalDisplacementFvPatchVectorField.C" />
    <ClCompile Include="solidModels\oscillateDisplacementFvPatchVectorField.C" />
    <ClCompile Include="solidModels\poroLinGeomSolid.C" />
    <ClCompile Include="solidModels\rigidCylinderContactFvPatchVectorField.C" />
    <ClCompile Include="solidModels\setCellDisplacements.C" />
    <ClCompile Include="solidModels\solidContactFvPatchVectorField.C" />
    <ClCompile Include="solidModels\solidContactFvPatchVectorFieldCalcContact.C" />
    <ClCompile Include="solidModels\solidDirectionMixedFvPatchVectorField.C" />
    <ClCompile Include="solidModels\solidForceFvPatchVectorField.C" />
    <ClCompile Include="solidModels\solidModel.C" />
    <ClCompile Include="solidModels\solidSymmetryFvPatchScalarField.C" />
    <ClCompile Include="solidModels\solidSymmetryFvPatchVectorField.C" />
    <ClCompile Include="solidModels\solidTractionFreeFvPatchVectorField.C" />
    <ClCompile Include="solidModels\solidTractionFvPatchVectorField.C" />
    <ClCompile Include="solidModels\solidTractionPointPatchVectorField.C" />
    <ClCompile Include="solidModels\solidVelocityFvPatchVectorField.C" />
    <ClCompile Include="solidModels\solidWedgeFvPatchScalarField.C" />
    <ClCompile Include="solidModels\solidWedgeFvPatchVectorField.C" />
    <ClCompile Include="solidModels\standardPenalty.C" />
    <ClCompile Include="solidModels\standardPenaltyFriction.C" />
    <ClCompile Include="solidModels\thermalConvectionFvPatchScalarField.C" />
    <ClCompile Include="solidModels\thermalLinGeomSolid.C" />
    <ClCompile Include="solidModels\unsLinGeomSolid.C" />
    <ClCompile Include="solidModels\unsNonLinGeomTotalLagSolid.C" />
    <ClCompile Include="solidModels\unsNonLinGeomUpdatedLagSolid.C" />
    <ClCompile Include="solidModels\vertexCentredLinGeomSolid.C" />
    <ClCompile Include="solidModels\weakThermalLinGeomSolid.C" />
  </ItemGroup>
</Project>